
Microsoft Visual Studio Solution File, Format Version 12.00
# Visual Studio Version 17
VisualStudioVersion = 17.3.32825.248
MinimumVisualStudioVersion = 10.0.40219.1
Project("{FAE04EC0-301F-11D3-BF4B-00C04F79EFBC}") = "Transporte", "Transporte\Transporte.csproj", "{DE62F3ED-7409-41AB-A07F-E924A3F95CB7}"
EndProject
Global
	GlobalSection(SolutionConfigurationPlatforms) = preSolution
		Debug|Any CPU = Debug|Any CPU
		Release|Any CPU = Release|Any CPU
	EndGlobalSection
	GlobalSection(ProjectConfigurationPlatforms) = postSolution
		{DE62F3ED-7409-41AB-A07F-E924A3F95CB7}.Debug|Any CPU.ActiveCfg = Debug|Any CPU
		{DE62F3ED-7409-41AB-A07F-E924A3F95CB7}.Debug|Any CPU.Build.0 = Debug|Any CPU
		{DE62F3ED-7409-41AB-A07F-E924A3F95CB7}.Release|Any CPU.ActiveCfg = Release|Any CPU
		{DE62F3ED-7409-41AB-A07F-E924A3F95CB7}.Release|Any CPU.Build.0 = Release|Any CPU
	EndGlobalSection
	GlobalSection(SolutionProperties) = preSolution
		HideSolutionNode = FALSE
	EndGlobalSection
	GlobalSection(ExtensibilityGlobals) = postSolution
		SolutionGuid = {E20E70B0-C12D-4A45-807F-20A4C63B1E6C}
	EndGlobalSection
EndGlobal
